# THIS IS AN AUTOGENERATED FILE. DO NOT EDIT THIS FILE DIRECTLY.
# yarn lockfile v1


jpts-validator@^1.0.3:
  version "1.0.3"
  resolved "https://registry.yarnpkg.com/jpts-validator/-/jpts-validator-1.0.3.tgz#949ad4ba4ffc2f58c963ca1994d0b46c61f7c372"
  integrity sha512-uwj5ZUk6WD/HEJgA0wwPaxX2w0jo5KgqIjWv9zydXbiw84N2WNJt0evpavCe0up6Puqywq5VDYPlYTdVEVWBnw==
